
Microsoft Visual Studio Solution File, Format Version 12.00
# Visual Studio 15
VisualStudioVersion = 15.0.28307.705
MinimumVisualStudioVersion = 10.0.40219.1
Project("{FAE04EC0-301F-11D3-BF4B-00C04F79EFBC}") = "polymorphism", "polymorphism\polymorphism.csproj", "{5781C09B-B6E8-468E-B4E0-453EC1E6BDA4}"
EndProject
Global
	GlobalSection(SolutionConfigurationPlatforms) = preSolution
		Debug|Any CPU = Debug|Any CPU
		Release|Any CPU = Release|Any CPU
	EndGlobalSection
	GlobalSection(ProjectConfigurationPlatforms) = postSolution
		{5781C09B-B6E8-468E-B4E0-453EC1E6BDA4}.Debug|Any CPU.ActiveCfg = Debug|Any CPU
		{5781C09B-B6E8-468E-B4E0-453EC1E6BDA4}.Debug|Any CPU.Build.0 = Debug|Any CPU
		{5781C09B-B6E8-468E-B4E0-453EC1E6BDA4}.Release|Any CPU.ActiveCfg = Release|Any CPU
		{5781C09B-B6E8-468E-B4E0-453EC1E6BDA4}.Release|Any CPU.Build.0 = Release|Any CPU
	EndGlobalSection
	GlobalSection(SolutionProperties) = preSolution
		HideSolutionNode = FALSE
	EndGlobalSection
	GlobalSection(ExtensibilityGlobals) = postSolution
		SolutionGuid = {AC3F864E-CEF2-4C3C-80A2-CB5CFD4793BB}
	EndGlobalSection
EndGlobal
